// !$*UTF8*$!
{
	archiveVersion = 1;
	classes = {
	};
	objectVersion = 55;
	objects = {

/* Begin PBXBuildFile section */
		BD6CF7012864E97C0061B64C /* AppDelegate.swift in Sources */ = {isa = PBXBuildFile; fileRef = BD6CF7002864E97C0061B64C /* AppDelegate.swift */; };
		BD6CF7032864E97C0061B64C /* SceneDelegate.swift in Sources */ = {isa = PBXBuildFile; fileRef = BD6CF7022864E97C0061B64C /* SceneDelegate.swift */; };
		BD6CF7052864E97C0061B64C /* ViewController.swift in Sources */ = {isa = PBXBuildFile; fileRef = BD6CF7042864E97C0061B64C /* ViewController.swift */; };
		BD6CF7082864E97C0061B64C /* Main.storyboard in Resources */ = {isa = PBXBuildFile; fileRef = BD6CF7062864E97C0061B64C /* Main.storyboard */; };
		BD6CF70B2864E97C0061B64C /* segues_practice.xcdatamodeld in Sources */ = {isa = PBXBuildFile; fileRef = BD6CF7092864E97C0061B64C /* segues_practice.xcdatamodeld */; };
		BD6CF70D2864E97D0061B64C /* Assets.xcassets in Resources */ = {isa = PBXBuildFile; fileRef = BD6CF70C2864E97D0061B64C /* Assets.xcassets */; };
		BD6CF7102864E97D0061B64C /* LaunchScreen.storyboard in Resources */ = {isa = PBXBuildFile; fileRef = BD6CF70E2864E97D0061B64C /* LaunchScreen.storyboard */; };
		BD6CF7182864EEC30061B64C /* mysecondViewController.swift in Sources */ = {isa = PBXBuildFile; fileRef = BD6CF7172864EEC30061B64C /* mysecondViewController.swift */; };
/* End PBXBuildFile section */

/* Begin PBXFileReference section */
		BD6CF6FD2864E97C0061B64C /* segues practice.app */ = {isa = PBXFileReference; explicitFileType = wrapper.application; includeInIndex = 0; path = "segues practice.app"; sourceTree = BUILT_PRODUCTS_DIR; };
		BD6CF7002864E97C0061B64C /* AppDelegate.swift */ = {isa = PBXFileReference; lastKnownFileType = sourcecode.swift; path = AppDelegate.swift; sourceTree = "<group>"; };
		BD6CF7022864E97C0061B64C /* SceneDelegate.swift */ = {isa = PBXFileReference; lastKnownFileType = sourcecode.swift; path = SceneDelegate.swift; sourceTree = "<group>"; };
		BD6CF7042864E97C0061B64C /* ViewController.swift */ = {isa = PBXFileReference; lastKnownFileType = sourcecode.swift; path = ViewController.swift; sourceTree = "<group>"; };
		BD6CF7072864E97C0061B64C /* Base */ = {isa = PBXFileReference; lastKnownFileType = file.storyboard; name = Base; path = Base.lproj/Main.storyboard; sourceTree = "<group>"; };
		BD6CF70A2864E97C0061B64C /* segues_practice.xcdatamodel */ = {isa = PBXFileReference; lastKnownFileType = wrapper.xcdatamodel; path = segues_practice.xcdatamodel; sourceTree = "<group>"; };
		BD6CF70C2864E97D0061B64C /* Assets.xcassets */ = {isa = PBXFileReference; lastKnownFileType = folder.assetcatalog; path = Assets.xcassets; sourceTree = "<group>"; };
		BD6CF70F2864E97D0061B64C /* Base */ = {isa = PBXFileReference; lastKnownFileType = file.storyboard; name = Base; path = Base.lproj/LaunchScreen.storyboard; sourceTree = "<group>"; };
		BD6CF7112864E97D0061B64C /* Info.plist */ = {isa = PBXFileReference; lastKnownFileType = text.plist.xml; path = Info.plist; sourceTree = "<group>"; };
		BD6CF7172864EEC30061B64C /* mysecondViewController.swift */ = {isa = PBXFileReference; lastKnownFileType = sourcecode.swift; path = mysecondViewController.swift; sourceTree = "<group>"; };
/* End PBXFileReference section */

/* Begin PBXFrameworksBuildPhase section */
		BD6CF6FA2864E97C0061B64C /* Frameworks */ = {
			isa = PBXFrameworksBuildPhase;
			buildActionMask = 2147483647;
			files = (
			);
			runOnlyForDeploymentPostprocessing = 0;
		};
/* End PBXFrameworksBuildPhase section */

/* Begin PBXGroup section */
		BD6CF6F42864E97C0061B64C = {
			isa = PBXGroup;
			children = (
				BD6CF6FF2864E97C0061B64C /* segues practice */,
				BD6CF6FE2864E97C0061B64C /* Products */,
			);
			sourceTree = "<group>";
		};
		BD6CF6FE2864E97C0061B64C /* Products */ = {
			isa = PBXGroup;
			children = (
				BD6CF6FD2864E97C0061B64C /* segues practice.app */,
			);
			name = Products;
			sourceTree = "<group>";
		};
		BD6CF6FF2864E97C0061B64C /* segues practice */ = {
			isa = PBXGroup;
			children = (
				BD6CF7002864E97C0061B64C /* AppDelegate.swift */,
				BD6CF7022864E97C0061B64C /* SceneDelegate.swift */,
				BD6CF7042864E97C0061B64C /* ViewController.swift */,
				BD6CF7062864E97C0061B64C /* Main.storyboard */,
				BD6CF7172864EEC30061B64C /* mysecondViewController.swift */,
				BD6CF70C2864E97D0061B64C /* Assets.xcassets */,
				BD6CF70E2864E97D0061B64C /* LaunchScreen.storyboard */,
				BD6CF7112864E97D0061B64C /* Info.plist */,
				BD6CF7092864E97C0061B64C /* segues_practice.xcdatamodeld */,
			);
			path = "segues practice";
			sourceTree = "<group>";
		};
/* End PBXGroup section */

/* Begin PBXNativeTarget section */
		BD6CF6FC2864E97C0061B64C /* segues practice */ = {
			isa = PBXNativeTarget;
			buildConfigurationList = BD6CF7142864E97D0061B64C /* Build configuration list for PBXNativeTarget "segues practice" */;
			buildPhases = (
				BD6CF6F92864E97C0061B64C /* Sources */,
				BD6CF6FA2864E97C0061B64C /* Frameworks */,
				BD6CF6FB2864E97C0061B64C /* Resources */,
			);
			buildRules = (
			);
			dependencies = (
			);
			name = "segues practice";
			productName = "segues practice";
			productReference = BD6CF6FD2864E97C0061B64C /* segues practice.app */;
			productType = "com.apple.product-type.application";
		};
/* End PBXNativeTarget section */

/* Begin PBXProject section */
		BD6CF6F52864E97C0061B64C /* Project object */ = {
			isa = PBXProject;
			attributes = {
				BuildIndependentTargetsInParallel = 1;
				LastSwiftUpdateCheck = 1340;
				LastUpgradeCheck = 1340;
				TargetAttributes = {
					BD6CF6FC2864E97C0061B64C = {
						CreatedOnToolsVersion = 13.4.1;
					};
				};
			};
			buildConfigurationList = BD6CF6F82864E97C0061B64C /* Build configuration list for PBXProject "segues practice" */;
			compatibilityVersion = "Xcode 13.0";
			developmentRegion = en;
			hasScannedForEncodings = 0;
			knownRegions = (
				en,
				Base,
			);
			mainGroup = BD6CF6F42864E97C0061B64C;
			productRefGroup = BD6CF6FE2864E97C0061B64C /* Products */;
			projectDirPath = "";
			projectRoot = "";
			targets = (
				BD6CF6FC2864E97C0061B64C /* segues practice */,
			);
		};
/* End PBXProject section */

/* Begin PBXResourcesBuildPhase section */
		BD6CF6FB2864E97C0061B64C /* Resources */ = {
			isa = PBXResourcesBuildPhase;
			buildActionMask = 2147483647;
			files = (
				BD6CF7102864E97D0061B64C /* LaunchScreen.storyboard in Resources */,
				BD6CF70D2864E97D0061B64C /* Assets.xcassets in Resources */,
				BD6CF7082864E97C0061B64C /* Main.storyboard in Resources */,
			);
			runOnlyForDeploymentPostprocessing = 0;
		};
/* End PBXResourcesBuildPhase section */

/* Begin PBXSourcesBuildPhase section */
		BD6CF6F92864E97C0061B64C /* Sources */ = {
			isa = PBXSourcesBuildPhase;
			buildActionMask = 2147483647;
			files = (
				BD6CF7182864EEC30061B64C /* mysecondViewController.swift in Sources */,
				BD6CF7052864E97C0061B64C /* ViewController.swift in Sources */,
				BD6CF7012864E97C0061B64C /* AppDelegate.swift in Sources */,
				BD6CF70B2864E97C0061B64C /* segues_practice.xcdatamodeld in Sources */,
				BD6CF7032864E97C0061B64C /* SceneDelegate.swift in Sources */,
			);
			runOnlyForDeploymentPostprocessing = 0;
		};
/* End PBXSourcesBuildPhase section */

/* Begin PBXVariantGroup section */
		BD6CF7062864E97C0061B64C /* Main.storyboard */ = {
			isa = PBXVariantGroup;
			children = (
				BD6CF7072864E97C0061B64C /* Base */,
			);
			name = Main.storyboard;
			sourceTree = "<group>";
		};
		BD6CF70E2864E97D0061B64C /* LaunchScreen.storyboard */ = {
			isa = PBXVariantGroup;
			children = (
				BD6CF70F2864E97D0061B64C /* Base */,
			);
			name = LaunchScreen.storyboard;
			sourceTree = "<group>";
		};
/* End PBXVariantGroup section */

/* Begin XCBuildConfiguration section */
		BD6CF7122864E97D0061B64C /* Debug */ = {
			isa = XCBuildConfiguration;
			buildSettings = {
				ALWAYS_SEARCH_USER_PATHS = NO;
				CLANG_ANALYZER_NONNULL = YES;
				CLANG_ANALYZER_NUMBER_OBJECT_CONVERSION = YES_AGGRESSIVE;
				CLANG_CXX_LANGUAGE_STANDARD = "gnu++17";
				CLANG_ENABLE_MODULES = YES;
				CLANG_ENABLE_OBJC_ARC = YES;
				CLANG_ENABLE_OBJC_WEAK = YES;
				CLANG_WARN_BLOCK_CAPTURE_AUTORELEASING = YES;
				CLANG_WARN_BOOL_CONVERSION = YES;
				CLANG_WARN_COMMA = YES;
				CLANG_WARN_CONSTANT_CONVERSION = YES;
				CLANG_WARN_DEPRECATED_OBJC_IMPLEMENTATIONS = YES;
				CLANG_WARN_DIRECT_OBJC_ISA_USAGE = YES_ERROR;
				CLANG_WARN_DOCUMENTATION_COMMENTS = YES;
				CLANG_WARN_EMPTY_BODY = YES;
				CLANG_WARN_ENUM_CONVERSION = YES;
				CLANG_WARN_INFINITE_RECURSION = YES;
				CLANG_WARN_INT_CONVERSION = YES;
				CLANG_WARN_NON_LITERAL_NULL_CONVERSION = YES;
				CLANG_WARN_OBJC_IMPLICIT_RETAIN_SELF = YES;
				CLANG_WARN_OBJC_LITERAL_CONVERSION = YES;
				CLANG_WARN_OBJC_ROOT_CLASS = YES_ERROR;
				CLANG_WARN_QUOTED_INCLUDE_IN_FRAMEWORK_HEADER = YES;
				CLANG_WARN_RANGE_LOOP_ANALYSIS = YES;
				CLANG_WARN_STRICT_PROTOTYPES = YES;
				CLANG_WARN_SUSPICIOUS_MOVE = YES;
				CLANG_WARN_UNGUARDED_AVAILABILITY = YES_AGGRESSIVE;
				CLANG_WARN_UNREACHABLE_CODE = YES;
				CLANG_WARN__DUPLICATE_METHOD_MATCH = YES;
				COPY_PHASE_STRIP = NO;
				DEBUG_INFORMATION_FORMAT = dwarf;
				ENABLE_STRICT_OBJC_MSGSEND = YES;
				ENABLE_TESTABILITY = YES;
				GCC_C_LANGUAGE_STANDARD = gnu11;
				GCC_DYNAMIC_NO_PIC = NO;
				GCC_NO_COMMON_BLOCKS = YES;
				GCC_OPTIMIZATION_LEVEL = 0;
				GCC_PREPROCESSOR_DEFINITIONS = (
					"DEBUG=1",
					"$(inherited)",
				);
				GCC_WARN_64_TO_32_BIT_CONVERSION = YES;
				GCC_WARN_ABOUT_RETURN_TYPE = YES_ERROR;
				GCC_WARN_UNDECLARED_SELECTOR = YES;
				GCC_WARN_UNINITIALIZED_AUTOS = YES_AGGRESSIVE;
				GCC_WARN_UNUSED_FUNCTION = YES;
				GCC_WARN_UNUSED_VARIABLE = YES;
				IPHONEOS_DEPLOYMENT_TARGET = 15.5;
				MTL_ENABLE_DEBUG_INFO = INCLUDE_SOURCE;
				MTL_FAST_MATH = YES;
				ONLY_ACTIVE_ARCH = YES;
				SDKROOT = iphoneos;
				SWIFT_ACTIVE_COMPILATION_CONDITIONS = DEBUG;
				SWIFT_OPTIMIZATION_LEVEL = "-Onone";
			};
			name = Debug;
		};
		BD6CF7132864E97D0061B64C /* Release */ = {
			isa = XCBuildConfiguration;
			buildSettings = {
				ALWAYS_SEARCH_USER_PATHS = NO;
				CLANG_ANALYZER_NONNULL = YES;
				CLANG_ANALYZER_NUMBER_OBJECT_CONVERSION = YES_AGGRESSIVE;
				CLANG_CXX_LANGUAGE_STANDARD = "gnu++17";
				CLANG_ENABLE_MODULES = YES;
				CLANG_ENABLE_OBJC_ARC = YES;
				CLANG_ENABLE_OBJC_WEAK = YES;
				CLANG_WARN_BLOCK_CAPTURE_AUTORELEASING = YES;
				CLANG_WARN_BOOL_CONVERSION = YES;
				CLANG_WARN_COMMA = YES;
				CLANG_WARN_CONSTANT_CONVERSION = YES;
				CLANG_WARN_DEPRECATED_OBJC_IMPLEMENTATIONS = YES;
				CLANG_WARN_DIRECT_OBJC_ISA_USAGE = YES_ERROR;
				CLANG_WARN_DOCUMENTATION_COMMENTS = YES;
				CLANG_WARN_EMPTY_BODY = YES;
				CLANG_WARN_ENUM_CONVERSION = YES;
				CLANG_WARN_INFINITE_RECURSION = YES;
				CLANG_WARN_INT_CONVERSION = YES;
				CLANG_WARN_NON_LITERAL_NULL_CONVERSION = YES;
				CLANG_WARN_OBJC_IMPLICIT_RETAIN_SELF = YES;
				CLANG_WARN_OBJC_LITERAL_CONVERSION = YES;
				CLANG_WARN_OBJC_ROOT_CLASS = YES_ERROR;
				CLANG_WARN_QUOTED_INCLUDE_IN_FRAMEWORK_HEADER = YES;
				CLANG_WARN_RANGE_LOOP_ANALYSIS = YES;
				CLANG_WARN_STRICT_PROTOTYPES = YES;
				CLANG_WARN_SUSPICIOUS_MOVE = YES;
				CLANG_WARN_UNGUARDED_AVAILABILITY = YES_AGGRESSIVE;
				CLANG_WARN_UNREACHABLE_CODE = YES;
				CLANG_WARN__DUPLICATE_METHOD_MATCH = YES;
				COPY_PHASE_STRIP = NO;
				DEBUG_INFORMATION_FORMAT = "dwarf-with-dsym";
				ENABLE_NS_ASSERTIONS = NO;
				ENABLE_STRICT_OBJC_MSGSEND = YES;
				GCC_C_LANGUAGE_STANDARD = gnu11;
				GCC_NO_COMMON_BLOCKS = YES;
				GCC_WARN_64_TO_32_BIT_CONVERSION = YES;
				GCC_WARN_ABOUT_RETURN_TYPE = YES_ERROR;
				GCC_WARN_UNDECLARED_SELECTOR = YES;
				GCC_WARN_UNINITIALIZED_AUTOS = YES_AGGRESSIVE;
				GCC_WARN_UNUSED_FUNCTION = YES;
				GCC_WARN_UNUSED_VARIABLE = YES;
				IPHONEOS_DEPLOYMENT_TARGET = 15.5;
				MTL_ENABLE_DEBUG_INFO = NO;
				MTL_FAST_MATH = YES;
				SDKROOT = iphoneos;
				SWIFT_COMPILATION_MODE = wholemodule;
				SWIFT_OPTIMIZATION_LEVEL = "-O";
				VALIDATE_PRODUCT = YES;
			};
			name = Release;
		};
		BD6CF7152864E97D0061B64C /* Debug */ = {
			isa = XCBuildConfiguration;
			buildSettings = {
				ASSETCATALOG_COMPILER_APPICON_NAME = AppIcon;
				ASSETCATALOG_COMPILER_GLOBAL_ACCENT_COLOR_NAME = AccentColor;
				CODE_SIGN_STYLE = Automatic;
				CURRENT_PROJECT_VERSION = 1;
				GENERATE_INFOPLIST_FILE = YES;
				INFOPLIST_FILE = "segues practice/Info.plist";
				INFOPLIST_KEY_UIApplicationSupportsIndirectInputEvents = YES;
				INFOPLIST_KEY_UILaunchStoryboardName = LaunchScreen;
				INFOPLIST_KEY_UIMainStoryboardFile = Main;
				INFOPLIST_KEY_UISupportedInterfaceOrientations_iPad = "UIInterfaceOrientationPortrait UIInterfaceOrientationPortraitUpsideDown UIInterfaceOrientationLandscapeLeft UIInterfaceOrientationLandscapeRight";
				INFOPLIST_KEY_UISupportedInterfaceOrientations_iPhone = "UIInterfaceOrientationPortrait UIInterfaceOrientationLandscapeLeft UIInterfaceOrientationLandscapeRight";
				LD_RUNPATH_SEARCH_PATHS = (
					"$(inherited)",
					"@executable_path/Frameworks",
				);
				MARKETING_VERSION = 1.0;
				PRODUCT_BUNDLE_IDENTIFIER = "sample.segues-practice";
				PRODUCT_NAME = "$(TARGET_NAME)";
				SWIFT_EMIT_LOC_STRINGS = YES;
				SWIFT_VERSION = 5.0;
				TARGETED_DEVICE_FAMILY = "1,2";
			};
			name = Debug;
		};
		BD6CF7162864E97D0061B64C /* Release */ = {
			isa = XCBuildConfiguration;
			buildSettings = {
				ASSETCATALOG_COMPILER_APPICON_NAME = AppIcon;
				ASSETCATALOG_COMPILER_GLOBAL_ACCENT_COLOR_NAME = AccentColor;
				CODE_SIGN_STYLE = Automatic;
				CURRENT_PROJECT_VERSION = 1;
				GENERATE_INFOPLIST_FILE = YES;
				INFOPLIST_FILE = "segues practice/Info.plist";
				INFOPLIST_KEY_UIApplicationSupportsIndirectInputEvents = YES;
				INFOPLIST_KEY_UILaunchStoryboardName = LaunchScreen;
				INFOPLIST_KEY_UIMainStoryboardFile = Main;
				INFOPLIST_KEY_UISupportedInterfaceOrientations_iPad = "UIInterfaceOrientationPortrait UIInterfaceOrientationPortraitUpsideDown UIInterfaceOrientationLandscapeLeft UIInterfaceOrientationLandscapeRight";
				INFOPLIST_KEY_UISupportedInterfaceOrientations_iPhone = "UIInterfaceOrientationPortrait UIInterfaceOrientationLandscapeLeft UIInterfaceOrientationLandscapeRight";
				LD_RUNPATH_SEARCH_PATHS = (
					"$(inherited)",
					"@executable_path/Frameworks",
				);
				MARKETING_VERSION = 1.0;
				PRODUCT_BUNDLE_IDENTIFIER = "sample.segues-practice";
				PRODUCT_NAME = "$(TARGET_NAME)";
				SWIFT_EMIT_LOC_STRINGS = YES;
				SWIFT_VERSION = 5.0;
				TARGETED_DEVICE_FAMILY = "1,2";
			};
			name = Release;
		};
/* End XCBuildConfiguration section */

/* Begin XCConfigurationList section */
		BD6CF6F82864E97C0061B64C /* Build configuration list for PBXProject "segues practice" */ = {
			isa = XCConfigurationList;
			buildConfigurations = (
				BD6CF7122864E97D0061B64C /* Debug */,
				BD6CF7132864E97D0061B64C /* Release */,
			);
			defaultConfigurationIsVisible = 0;
			defaultConfigurationName = Release;
		};
		BD6CF7142864E97D0061B64C /* Build configuration list for PBXNativeTarget "segues practice" */ = {
			isa = XCConfigurationList;
			buildConfigurations = (
				BD6CF7152864E97D0061B64C /* Debug */,
				BD6CF7162864E97D0061B64C /* Release */,
			);
			defaultConfigurationIsVisible = 0;
			defaultConfigurationName = Release;
		};
/* End XCConfigurationList section */

/* Begin XCVersionGroup section */
		BD6CF7092864E97C0061B64C /* segues_practice.xcdatamodeld */ = {
			isa = XCVersionGroup;
			children = (
				BD6CF70A2864E97C0061B64C /* segues_practice.xcdatamodel */,
			);
			currentVersion = BD6CF70A2864E97C0061B64C /* segues_practice.xcdatamodel */;
			path = segues_practice.xcdatamodeld;
			sourceTree = "<group>";
			versionGroupType = wrapper.xcdatamodel;
		};
/* End XCVersionGroup section */
	};
	rootObject = BD6CF6F52864E97C0061B64C /* Project object */;
}
